
Microsoft Visual Studio Solution File, Format Version 12.00
# Visual Studio Version 17
VisualStudioVersion = 17.5.002.0
MinimumVisualStudioVersion = 10.0.40219.1
Project("{9A19103F-16F7-4668-BE54-9A1E7A4F7556}") = "myGame", "myGame.csproj", "{19BD39D6-7B57-41FE-B45B-51840CDF399F}"
EndProject
Global
	GlobalSection(SolutionConfigurationPlatforms) = preSolution
		Debug|Any CPU = Debug|Any CPU
		Release|Any CPU = Release|Any CPU
	EndGlobalSection
	GlobalSection(ProjectConfigurationPlatforms) = postSolution
		{19BD39D6-7B57-41FE-B45B-51840CDF399F}.Debug|Any CPU.ActiveCfg = Debug|Any CPU
		{19BD39D6-7B57-41FE-B45B-51840CDF399F}.Debug|Any CPU.Build.0 = Debug|Any CPU
		{19BD39D6-7B57-41FE-B45B-51840CDF399F}.Release|Any CPU.ActiveCfg = Release|Any CPU
		{19BD39D6-7B57-41FE-B45B-51840CDF399F}.Release|Any CPU.Build.0 = Release|Any CPU
	EndGlobalSection
	GlobalSection(SolutionProperties) = preSolution
		HideSolutionNode = FALSE
	EndGlobalSection
	GlobalSection(ExtensibilityGlobals) = postSolution
		SolutionGuid = {7D633AB6-CE2E-428F-8F6F-DE66106DFE01}
	EndGlobalSection
EndGlobal
